
Microsoft Visual Studio Solution File, Format Version 12.00
# Visual Studio Version 16
VisualStudioVersion = 16.0.32228.343
MinimumVisualStudioVersion = 10.0.40219.1
Project("{FAE04EC0-301F-11D3-BF4B-00C04F79EFBC}") = "CadAlunCurs", "CadAlunCurs\CadAlunCurs.csproj", "{61D2450F-E361-400A-AEF7-06E335B8341D}"
EndProject
Global
	GlobalSection(SolutionConfigurationPlatforms) = preSolution
		Debug|Any CPU = Debug|Any CPU
		Release|Any CPU = Release|Any CPU
	EndGlobalSection
	GlobalSection(ProjectConfigurationPlatforms) = postSolution
		{61D2450F-E361-400A-AEF7-06E335B8341D}.Debug|Any CPU.ActiveCfg = Debug|Any CPU
		{61D2450F-E361-400A-AEF7-06E335B8341D}.Debug|Any CPU.Build.0 = Debug|Any CPU
		{61D2450F-E361-400A-AEF7-06E335B8341D}.Release|Any CPU.ActiveCfg = Release|Any CPU
		{61D2450F-E361-400A-AEF7-06E335B8341D}.Release|Any CPU.Build.0 = Release|Any CPU
	EndGlobalSection
	GlobalSection(SolutionProperties) = preSolution
		HideSolutionNode = FALSE
	EndGlobalSection
	GlobalSection(ExtensibilityGlobals) = postSolution
		SolutionGuid = {0DE5A10F-05A4-465D-8D10-4D36E26020D3}
	EndGlobalSection
EndGlobal
